// !$*UTF8*$!
{
	archiveVersion = 1;
	classes = {
	};
	objectVersion = 77;
	objects = {

/* Begin PBXFileReference section */
		03E5984C2DF38C4C00CE8B7B /* README.md */ = {isa = PBXFileReference; lastKnownFileType = net.daringfireball.markdown; path = README.md; sourceTree = "<group>"; };
/* End PBXFileReference section */

/* Begin PBXFileSystemSynchronizedRootGroup section */
		03E598192DF38C4C00CE8B7B /* Arduino */ = {
			isa = PBXFileSystemSynchronizedRootGroup;
			path = Arduino;
			sourceTree = "<group>";
		};
		03E5981C2DF38C4C00CE8B7B /* C */ = {
			isa = PBXFileSystemSynchronizedRootGroup;
			path = C;
			sourceTree = "<group>";
		};
		03E5983A2DF38C4C00CE8B7B /* C++ */ = {
			isa = PBXFileSystemSynchronizedRootGroup;
			path = "C++";
			sourceTree = "<group>";
		};
		03E598452DF38C4C00CE8B7B /* Maths */ = {
			isa = PBXFileSystemSynchronizedRootGroup;
			path = Maths;
			sourceTree = "<group>";
		};
		03E5984B2DF38C4C00CE8B7B /* Obj-C */ = {
			isa = PBXFileSystemSynchronizedRootGroup;
			path = "Obj-C";
			sourceTree = "<group>";
		};
/* End PBXFileSystemSynchronizedRootGroup section */

/* Begin PBXGroup section */
		030FF9A52DF38C1E00C6E058 = {
			isa = PBXGroup;
			children = (
				03E598192DF38C4C00CE8B7B /* Arduino */,
				03E5981C2DF38C4C00CE8B7B /* C */,
				03E5983A2DF38C4C00CE8B7B /* C++ */,
				03E598452DF38C4C00CE8B7B /* Maths */,
				03E5984B2DF38C4C00CE8B7B /* Obj-C */,
				03E5984C2DF38C4C00CE8B7B /* README.md */,
			);
			sourceTree = "<group>";
		};
/* End PBXGroup section */

/* Begin PBXProject section */
		030FF9A62DF38C1E00C6E058 /* Project object */ = {
			isa = PBXProject;
			attributes = {
				BuildIndependentTargetsInParallel = 1;
				LastUpgradeCheck = 1640;
			};
			buildConfigurationList = 030FF9A92DF38C1E00C6E058 /* Build configuration list for PBXProject "C-Notes" */;
			developmentRegion = en;
			hasScannedForEncodings = 0;
			knownRegions = (
				en,
				Base,
			);
			mainGroup = 030FF9A52DF38C1E00C6E058;
			minimizedProjectReferenceProxies = 1;
			preferredProjectObjectVersion = 77;
			projectDirPath = "";
			projectRoot = "";
			targets = (
			);
		};
/* End PBXProject section */

/* Begin XCBuildConfiguration section */
		030FF9AA2DF38C1E00C6E058 /* Debug */ = {
			isa = XCBuildConfiguration;
			buildSettings = {
				DEVELOPMENT_TEAM = 56H72WXFTD;
			};
			name = Debug;
		};
		030FF9AB2DF38C1E00C6E058 /* Release */ = {
			isa = XCBuildConfiguration;
			buildSettings = {
				DEVELOPMENT_TEAM = 56H72WXFTD;
			};
			name = Release;
		};
/* End XCBuildConfiguration section */

/* Begin XCConfigurationList section */
		030FF9A92DF38C1E00C6E058 /* Build configuration list for PBXProject "C-Notes" */ = {
			isa = XCConfigurationList;
			buildConfigurations = (
				030FF9AA2DF38C1E00C6E058 /* Debug */,
				030FF9AB2DF38C1E00C6E058 /* Release */,
			);
			defaultConfigurationIsVisible = 0;
			defaultConfigurationName = Release;
		};
/* End XCConfigurationList section */
	};
	rootObject = 030FF9A62DF38C1E00C6E058 /* Project object */;
}
